{
  "lockfileVersion": 1,
  "workspaces": {
    "": {
      "name": "@ai-sdk-tools/agents-scripts",
      "dependencies": {
        "@ai-sdk/openai": "^2.0.43",
        "ai": "^5.0.60",
        "inquirer": "^12.9.6",
        "zod": "^4.1.12",
      },
    },
  },
  "packages": {
    "@ai-sdk/gateway": ["@ai-sdk/gateway@1.0.33", "", { "dependencies": { "@ai-sdk/provider": "2.0.0", "@ai-sdk/provider-utils": "3.0.10", "@vercel/oidc": "^3.0.1" }, "peerDependencies": { "zod": "^3.25.76 || ^4.1.8" } }, "sha512-v9i3GPEo4t3fGcSkQkc07xM6KJN75VUv7C1Mqmmsu2xD8lQwnQfsrgAXyNuWe20yGY0eHuheSPDZhiqsGKtH1g=="],

    "@ai-sdk/openai": ["@ai-sdk/openai@2.0.43", "", { "dependencies": { "@ai-sdk/provider": "2.0.0", "@ai-sdk/provider-utils": "3.0.10" }, "peerDependencies": { "zod": "^3.25.76 || ^4.1.8" } }, "sha512-ktxQ2V7+XXKHOHtApzNsuyE5LFLppI7mg5qHHUaoLHzATNARO6q84ZEqpEVQxXnRtG6PjE2dgAmITowWHLeBew=="],

    "@ai-sdk/provider": ["@ai-sdk/provider@2.0.0", "", { "dependencies": { "json-schema": "^0.4.0" } }, "sha512-6o7Y2SeO9vFKB8lArHXehNuusnpddKPk7xqL7T2/b+OvXMRIXUO1rR4wcv1hAFUAT9avGZshty3Wlua/XA7TvA=="],

    "@ai-sdk/provider-utils": ["@ai-sdk/provider-utils@3.0.10", "", { "dependencies": { "@ai-sdk/provider": "2.0.0", "@standard-schema/spec": "^1.0.0", "eventsource-parser": "^3.0.5" }, "peerDependencies": { "zod": "^3.25.76 || ^4.1.8" } }, "sha512-T1gZ76gEIwffep6MWI0QNy9jgoybUHE7TRaHB5k54K8mF91ciGFlbtCGxDYhMH3nCRergKwYFIDeFF0hJSIQHQ=="],

    "@inquirer/ansi": ["@inquirer/ansi@1.0.0", "", {}, "sha512-JWaTfCxI1eTmJ1BIv86vUfjVatOdxwD0DAVKYevY8SazeUUZtW+tNbsdejVO1GYE0GXJW1N1ahmiC3TFd+7wZA=="],

    "@inquirer/checkbox": ["@inquirer/checkbox@4.2.4", "", { "dependencies": { "@inquirer/ansi": "^1.0.0", "@inquirer/core": "^10.2.2", "@inquirer/figures": "^1.0.13", "@inquirer/type": "^3.0.8", "yoctocolors-cjs": "^2.1.2" }, "peerDependencies": { "@types/node": ">=18" }, "optionalPeers": ["@types/node"] }, "sha512-2n9Vgf4HSciFq8ttKXk+qy+GsyTXPV1An6QAwe/8bkbbqvG4VW1I/ZY1pNu2rf+h9bdzMLPbRSfcNxkHBy/Ydw=="],

    "@inquirer/confirm": ["@inquirer/confirm@5.1.18", "", { "dependencies": { "@inquirer/core": "^10.2.2", "@inquirer/type": "^3.0.8" }, "peerDependencies": { "@types/node": ">=18" }, "optionalPeers": ["@types/node"] }, "sha512-MilmWOzHa3Ks11tzvuAmFoAd/wRuaP3SwlT1IZhyMke31FKLxPiuDWcGXhU+PKveNOpAc4axzAgrgxuIJJRmLw=="],

    "@inquirer/core": ["@inquirer/core@10.2.2", "", { "dependencies": { "@inquirer/ansi": "^1.0.0", "@inquirer/figures": "^1.0.13", "@inquirer/type": "^3.0.8", "cli-width": "^4.1.0", "mute-stream": "^2.0.0", "signal-exit": "^4.1.0", "wrap-ansi": "^6.2.0", "yoctocolors-cjs": "^2.1.2" }, "peerDependencies": { "@types/node": ">=18" }, "optionalPeers": ["@types/node"] }, "sha512-yXq/4QUnk4sHMtmbd7irwiepjB8jXU0kkFRL4nr/aDBA2mDz13cMakEWdDwX3eSCTkk03kwcndD1zfRAIlELxA=="],

    "@inquirer/editor": ["@inquirer/editor@4.2.20", "", { "dependencies": { "@inquirer/core": "^10.2.2", "@inquirer/external-editor": "^1.0.2", "@inquirer/type": "^3.0.8" }, "peerDependencies": { "@types/node": ">=18" }, "optionalPeers": ["@types/node"] }, "sha512-7omh5y5bK672Q+Brk4HBbnHNowOZwrb/78IFXdrEB9PfdxL3GudQyDk8O9vQ188wj3xrEebS2M9n18BjJoI83g=="],

    "@inquirer/expand": ["@inquirer/expand@4.0.20", "", { "dependencies": { "@inquirer/core": "^10.2.2", "@inquirer/type": "^3.0.8", "yoctocolors-cjs": "^2.1.2" }, "peerDependencies": { "@types/node": ">=18" }, "optionalPeers": ["@types/node"] }, "sha512-Dt9S+6qUg94fEvgn54F2Syf0Z3U8xmnBI9ATq2f5h9xt09fs2IJXSCIXyyVHwvggKWFXEY/7jATRo2K6Dkn6Ow=="],

    "@inquirer/external-editor": ["@inquirer/external-editor@1.0.2", "", { "dependencies": { "chardet": "^2.1.0", "iconv-lite": "^0.7.0" }, "peerDependencies": { "@types/node": ">=18" }, "optionalPeers": ["@types/node"] }, "sha512-yy9cOoBnx58TlsPrIxauKIFQTiyH+0MK4e97y4sV9ERbI+zDxw7i2hxHLCIEGIE/8PPvDxGhgzIOTSOWcs6/MQ=="],

    "@inquirer/figures": ["@inquirer/figures@1.0.13", "", {}, "sha512-lGPVU3yO9ZNqA7vTYz26jny41lE7yoQansmqdMLBEfqaGsmdg7V3W9mK9Pvb5IL4EVZ9GnSDGMO/cJXud5dMaw=="],

    "@inquirer/input": ["@inquirer/input@4.2.4", "", { "dependencies": { "@inquirer/core": "^10.2.2", "@inquirer/type": "^3.0.8" }, "peerDependencies": { "@types/node": ">=18" }, "optionalPeers": ["@types/node"] }, "sha512-cwSGpLBMwpwcZZsc6s1gThm0J+it/KIJ+1qFL2euLmSKUMGumJ5TcbMgxEjMjNHRGadouIYbiIgruKoDZk7klw=="],

    "@inquirer/number": ["@inquirer/number@3.0.20", "", { "dependencies": { "@inquirer/core": "^10.2.2", "@inquirer/type": "^3.0.8" }, "peerDependencies": { "@types/node": ">=18" }, "optionalPeers": ["@types/node"] }, "sha512-bbooay64VD1Z6uMfNehED2A2YOPHSJnQLs9/4WNiV/EK+vXczf/R988itL2XLDGTgmhMF2KkiWZo+iEZmc4jqg=="],

    "@inquirer/password": ["@inquirer/password@4.0.20", "", { "dependencies": { "@inquirer/ansi": "^1.0.0", "@inquirer/core": "^10.2.2", "@inquirer/type": "^3.0.8" }, "peerDependencies": { "@types/node": ">=18" }, "optionalPeers": ["@types/node"] }, "sha512-nxSaPV2cPvvoOmRygQR+h0B+Av73B01cqYLcr7NXcGXhbmsYfUb8fDdw2Us1bI2YsX+VvY7I7upgFYsyf8+Nug=="],

    "@inquirer/prompts": ["@inquirer/prompts@7.8.6", "", { "dependencies": { "@inquirer/checkbox": "^4.2.4", "@inquirer/confirm": "^5.1.18", "@inquirer/editor": "^4.2.20", "@inquirer/expand": "^4.0.20", "@inquirer/input": "^4.2.4", "@inquirer/number": "^3.0.20", "@inquirer/password": "^4.0.20", "@inquirer/rawlist": "^4.1.8", "@inquirer/search": "^3.1.3", "@inquirer/select": "^4.3.4" }, "peerDependencies": { "@types/node": ">=18" }, "optionalPeers": ["@types/node"] }, "sha512-68JhkiojicX9SBUD8FE/pSKbOKtwoyaVj1kwqLfvjlVXZvOy3iaSWX4dCLsZyYx/5Ur07Fq+yuDNOen+5ce6ig=="],

    "@inquirer/rawlist": ["@inquirer/rawlist@4.1.8", "", { "dependencies": { "@inquirer/core": "^10.2.2", "@inquirer/type": "^3.0.8", "yoctocolors-cjs": "^2.1.2" }, "peerDependencies": { "@types/node": ">=18" }, "optionalPeers": ["@types/node"] }, "sha512-CQ2VkIASbgI2PxdzlkeeieLRmniaUU1Aoi5ggEdm6BIyqopE9GuDXdDOj9XiwOqK5qm72oI2i6J+Gnjaa26ejg=="],

    "@inquirer/search": ["@inquirer/search@3.1.3", "", { "dependencies": { "@inquirer/core": "^10.2.2", "@inquirer/figures": "^1.0.13", "@inquirer/type": "^3.0.8", "yoctocolors-cjs": "^2.1.2" }, "peerDependencies": { "@types/node": ">=18" }, "optionalPeers": ["@types/node"] }, "sha512-D5T6ioybJJH0IiSUK/JXcoRrrm8sXwzrVMjibuPs+AgxmogKslaafy1oxFiorNI4s3ElSkeQZbhYQgLqiL8h6Q=="],

    "@inquirer/select": ["@inquirer/select@4.3.4", "", { "dependencies": { "@inquirer/ansi": "^1.0.0", "@inquirer/core": "^10.2.2", "@inquirer/figures": "^1.0.13", "@inquirer/type": "^3.0.8", "yoctocolors-cjs": "^2.1.2" }, "peerDependencies": { "@types/node": ">=18" }, "optionalPeers": ["@types/node"] }, "sha512-Qp20nySRmfbuJBBsgPU7E/cL62Hf250vMZRzYDcBHty2zdD1kKCnoDFWRr0WO2ZzaXp3R7a4esaVGJUx0E6zvA=="],

    "@inquirer/type": ["@inquirer/type@3.0.8", "", { "peerDependencies": { "@types/node": ">=18" }, "optionalPeers": ["@types/node"] }, "sha512-lg9Whz8onIHRthWaN1Q9EGLa/0LFJjyM8mEUbL1eTi6yMGvBf8gvyDLtxSXztQsxMvhxxNpJYrwa1YHdq+w4Jw=="],

    "@opentelemetry/api": ["@opentelemetry/api@1.9.0", "", {}, "sha512-3giAOQvZiH5F9bMlMiv8+GSPMeqg0dbaeo58/0SlA9sxSqZhnUtxzX9/2FzyhS9sWQf5S0GJE0AKBrFqjpeYcg=="],

    "@standard-schema/spec": ["@standard-schema/spec@1.0.0", "", {}, "sha512-m2bOd0f2RT9k8QJx1JN85cZYyH1RqFBdlwtkSlf4tBDYLCiiZnv1fIIwacK6cqwXavOydf0NPToMQgpKq+dVlA=="],

    "@vercel/oidc": ["@vercel/oidc@3.0.1", "", {}, "sha512-V/YRVrJDqM6VaMBjRUrd6qRMrTKvZjHdVdEmdXsOZMulTa3iK98ijKTc3wldBmst6W5rHpqMoKllKcBAHgN7GQ=="],

    "ai": ["ai@5.0.60", "", { "dependencies": { "@ai-sdk/gateway": "1.0.33", "@ai-sdk/provider": "2.0.0", "@ai-sdk/provider-utils": "3.0.10", "@opentelemetry/api": "1.9.0" }, "peerDependencies": { "zod": "^3.25.76 || ^4.1.8" } }, "sha512-80U/3kmdBW6g+JkLXpz/P2EwkyEaWlPlYtuLUpx/JYK9F7WZh9NnkYoh1KvUi1Sbpo0NyurBTvX0a2AG9mmbDA=="],

    "ansi-regex": ["ansi-regex@5.0.1", "", {}, "sha512-quJQXlTSUGL2LH9SUXo8VwsY4soanhgo6LNSm84E1LBcE8s3O0wpdiRzyR9z/ZZJMlMWv37qOOb9pdJlMUEKFQ=="],

    "ansi-styles": ["ansi-styles@4.3.0", "", { "dependencies": { "color-convert": "^2.0.1" } }, "sha512-zbB9rCJAT1rbjiVDb2hqKFHNYLxgtk8NURxZ3IZwD3F6NtxbXZQCnnSi1Lkx+IDohdPlFp222wVALIheZJQSEg=="],

    "chardet": ["chardet@2.1.0", "", {}, "sha512-bNFETTG/pM5ryzQ9Ad0lJOTa6HWD/YsScAR3EnCPZRPlQh77JocYktSHOUHelyhm8IARL+o4c4F1bP5KVOjiRA=="],

    "cli-width": ["cli-width@4.1.0", "", {}, "sha512-ouuZd4/dm2Sw5Gmqy6bGyNNNe1qt9RpmxveLSO7KcgsTnU7RXfsw+/bukWGo1abgBiMAic068rclZsO4IWmmxQ=="],

    "color-convert": ["color-convert@2.0.1", "", { "dependencies": { "color-name": "~1.1.4" } }, "sha512-RRECPsj7iu/xb5oKYcsFHSppFNnsj/52OVTRKb4zP5onXwVF3zVmmToNcOfGC+CRDpfK/U584fMg38ZHCaElKQ=="],

    "color-name": ["color-name@1.1.4", "", {}, "sha512-dOy+3AuW3a2wNbZHIuMZpTcgjGuLU/uBL/ubcZF9OXbDo8ff4O8yVp5Bf0efS8uEoYo5q4Fx7dY9OgQGXgAsQA=="],

    "emoji-regex": ["emoji-regex@8.0.0", "", {}, "sha512-MSjYzcWNOA0ewAHpz0MxpYFvwg6yjy1NG3xteoqz644VCo/RPgnr1/GGt+ic3iJTzQ8Eu3TdM14SawnVUmGE6A=="],

    "eventsource-parser": ["eventsource-parser@3.0.6", "", {}, "sha512-Vo1ab+QXPzZ4tCa8SwIHJFaSzy4R6SHf7BY79rFBDf0idraZWAkYrDjDj8uWaSm3S2TK+hJ7/t1CEmZ7jXw+pg=="],

    "iconv-lite": ["iconv-lite@0.7.0", "", { "dependencies": { "safer-buffer": ">= 2.1.2 < 3.0.0" } }, "sha512-cf6L2Ds3h57VVmkZe+Pn+5APsT7FpqJtEhhieDCvrE2MK5Qk9MyffgQyuxQTm6BChfeZNtcOLHp9IcWRVcIcBQ=="],

    "inquirer": ["inquirer@12.9.6", "", { "dependencies": { "@inquirer/ansi": "^1.0.0", "@inquirer/core": "^10.2.2", "@inquirer/prompts": "^7.8.6", "@inquirer/type": "^3.0.8", "mute-stream": "^2.0.0", "run-async": "^4.0.5", "rxjs": "^7.8.2" }, "peerDependencies": { "@types/node": ">=18" }, "optionalPeers": ["@types/node"] }, "sha512-603xXOgyfxhuis4nfnWaZrMaotNT0Km9XwwBNWUKbIDqeCY89jGr2F9YPEMiNhU6XjIP4VoWISMBFfcc5NgrTw=="],

    "is-fullwidth-code-point": ["is-fullwidth-code-point@3.0.0", "", {}, "sha512-zymm5+u+sCsSWyD9qNaejV3DFvhCKclKdizYaJUuHA83RLjb7nSuGnddCHGv0hk+KY7BMAlsWeK4Ueg6EV6XQg=="],

    "json-schema": ["json-schema@0.4.0", "", {}, "sha512-es94M3nTIfsEPisRafak+HDLfHXnKBhV3vU5eqPcS3flIWqcxJWgXHXiey3YrpaNsanY5ei1VoYEbOzijuq9BA=="],

    "mute-stream": ["mute-stream@2.0.0", "", {}, "sha512-WWdIxpyjEn+FhQJQQv9aQAYlHoNVdzIzUySNV1gHUPDSdZJ3yZn7pAAbQcV7B56Mvu881q9FZV+0Vx2xC44VWA=="],

    "run-async": ["run-async@4.0.6", "", {}, "sha512-IoDlSLTs3Yq593mb3ZoKWKXMNu3UpObxhgA/Xuid5p4bbfi2jdY1Hj0m1K+0/tEuQTxIGMhQDqGjKb7RuxGpAQ=="],

    "rxjs": ["rxjs@7.8.2", "", { "dependencies": { "tslib": "^2.1.0" } }, "sha512-dhKf903U/PQZY6boNNtAGdWbG85WAbjT/1xYoZIC7FAY0yWapOBQVsVrDl58W86//e1VpMNBtRV4MaXfdMySFA=="],

    "safer-buffer": ["safer-buffer@2.1.2", "", {}, "sha512-YZo3K82SD7Riyi0E1EQPojLz7kpepnSQI9IyPbHHg1XXXevb5dJI7tpyN2ADxGcQbHG7vcyRHk0cbwqcQriUtg=="],

    "signal-exit": ["signal-exit@4.1.0", "", {}, "sha512-bzyZ1e88w9O1iNJbKnOlvYTrWPDl46O1bG0D3XInv+9tkPrxrN8jUUTiFlDkkmKWgn1M6CfIA13SuGqOa9Korw=="],

    "string-width": ["string-width@4.2.3", "", { "dependencies": { "emoji-regex": "^8.0.0", "is-fullwidth-code-point": "^3.0.0", "strip-ansi": "^6.0.1" } }, "sha512-wKyQRQpjJ0sIp62ErSZdGsjMJWsap5oRNihHhu6G7JVO/9jIB6UyevL+tXuOqrng8j/cxKTWyWUwvSTriiZz/g=="],

    "strip-ansi": ["strip-ansi@6.0.1", "", { "dependencies": { "ansi-regex": "^5.0.1" } }, "sha512-Y38VPSHcqkFrCpFnQ9vuSXmquuv5oXOKpGeT6aGrr3o3Gc9AlVa6JBfUSOCnbxGGZF+/0ooI7KrPuUSztUdU5A=="],

    "tslib": ["tslib@2.8.1", "", {}, "sha512-oJFu94HQb+KVduSUQL7wnpmqnfmLsOA/nAh6b6EH0wCEoK0/mPeXU6c3wKDV83MkOuHPRHtSXKKU99IBazS/2w=="],

    "wrap-ansi": ["wrap-ansi@6.2.0", "", { "dependencies": { "ansi-styles": "^4.0.0", "string-width": "^4.1.0", "strip-ansi": "^6.0.0" } }, "sha512-r6lPcBGxZXlIcymEu7InxDMhdW0KDxpLgoFLcguasxCaJ/SOIZwINatK9KY/tf+ZrlywOKU0UDj3ATXUBfxJXA=="],

    "yoctocolors-cjs": ["yoctocolors-cjs@2.1.3", "", {}, "sha512-U/PBtDf35ff0D8X8D0jfdzHYEPFxAI7jJlxZXwCSez5M3190m+QobIfh+sWDWSHMCWWJN2AWamkegn6vr6YBTw=="],

    "zod": ["zod@4.1.12", "", {}, "sha512-JInaHOamG8pt5+Ey8kGmdcAcg3OL9reK8ltczgHTAwNhMys/6ThXHityHxVV2p3fkw/c+MAvBHFVYHFZDmjMCQ=="],
  }
}
